
Microsoft Visual Studio Solution File, Format Version 12.00
# Visual Studio Version 16
VisualStudioVersion = 16.0.30621.155
MinimumVisualStudioVersion = 10.0.40219.1
Project("{8BC9CEB8-8B4A-11D0-8D11-00A0C91BC942}") = "rtspPlayer", "rtspPlayer\rtspPlayer.vcxproj", "{261EF7B7-DD7C-4AAF-AE75-2C40CA71690E}"
EndProject
Project("{8BC9CEB8-8B4A-11D0-8D11-00A0C91BC942}") = "RTSP", "rtsp\RTSP.vcxproj", "{D8C44697-88C2-48E3-959D-A838841755B6}"
EndProject
Project("{8BC9CEB8-8B4A-11D0-8D11-00A0C91BC942}") = "ONVIFLIB", "ONVIF\ONVIFLIB.vcxproj", "{A27D7ADE-69DC-4748-BB65-23F693F30688}"
EndProject
Project("{8BC9CEB8-8B4A-11D0-8D11-00A0C91BC942}") = "ONVIFSDK", "ONVIF\ONVIFSDK.vcxproj", "{5210B885-5C8C-4059-8C9B-28FF05016EBA}"
EndProject
Project("{8BC9CEB8-8B4A-11D0-8D11-00A0C91BC942}") = "ONVIFSDK_Sample", "ONVIFSDK_Sample\ONVIFSDK_Sample.vcxproj", "{7ECF0EFD-2818-4CBA-93F7-0757EEC29FC3}"
EndProject
Global
	GlobalSection(SolutionConfigurationPlatforms) = preSolution
		Debug_Static|x64 = Debug_Static|x64
		Debug_Static|x86 = Debug_Static|x86
		Debug|x64 = Debug|x64
		Debug|x86 = Debug|x86
		Release_Static|x64 = Release_Static|x64
		Release_Static|x86 = Release_Static|x86
		Release_SVAC|x64 = Release_SVAC|x64
		Release_SVAC|x86 = Release_SVAC|x86
		Release|x64 = Release|x64
		Release|x86 = Release|x86
	EndGlobalSection
	GlobalSection(ProjectConfigurationPlatforms) = postSolution
		{261EF7B7-DD7C-4AAF-AE75-2C40CA71690E}.Debug_Static|x64.ActiveCfg = Debug|Win32
		{261EF7B7-DD7C-4AAF-AE75-2C40CA71690E}.Debug_Static|x64.Build.0 = Debug|Win32
		{261EF7B7-DD7C-4AAF-AE75-2C40CA71690E}.Debug_Static|x86.ActiveCfg = Debug|Win32
		{261EF7B7-DD7C-4AAF-AE75-2C40CA71690E}.Debug_Static|x86.Build.0 = Debug|Win32
		{261EF7B7-DD7C-4AAF-AE75-2C40CA71690E}.Debug|x64.ActiveCfg = Debug|Win32
		{261EF7B7-DD7C-4AAF-AE75-2C40CA71690E}.Debug|x86.ActiveCfg = Debug|Win32
		{261EF7B7-DD7C-4AAF-AE75-2C40CA71690E}.Debug|x86.Build.0 = Debug|Win32
		{261EF7B7-DD7C-4AAF-AE75-2C40CA71690E}.Release_Static|x64.ActiveCfg = Debug|Win32
		{261EF7B7-DD7C-4AAF-AE75-2C40CA71690E}.Release_Static|x64.Build.0 = Debug|Win32
		{261EF7B7-DD7C-4AAF-AE75-2C40CA71690E}.Release_Static|x86.ActiveCfg = Release|Win32
		{261EF7B7-DD7C-4AAF-AE75-2C40CA71690E}.Release_Static|x86.Build.0 = Release|Win32
		{261EF7B7-DD7C-4AAF-AE75-2C40CA71690E}.Release_SVAC|x64.ActiveCfg = Debug|Win32
		{261EF7B7-DD7C-4AAF-AE75-2C40CA71690E}.Release_SVAC|x64.Build.0 = Debug|Win32
		{261EF7B7-DD7C-4AAF-AE75-2C40CA71690E}.Release_SVAC|x86.ActiveCfg = Release|Win32
		{261EF7B7-DD7C-4AAF-AE75-2C40CA71690E}.Release_SVAC|x86.Build.0 = Release|Win32
		{261EF7B7-DD7C-4AAF-AE75-2C40CA71690E}.Release|x64.ActiveCfg = Release|Win32
		{261EF7B7-DD7C-4AAF-AE75-2C40CA71690E}.Release|x86.ActiveCfg = Release|Win32
		{261EF7B7-DD7C-4AAF-AE75-2C40CA71690E}.Release|x86.Build.0 = Release|Win32
		{D8C44697-88C2-48E3-959D-A838841755B6}.Debug_Static|x64.ActiveCfg = Debug|Win32
		{D8C44697-88C2-48E3-959D-A838841755B6}.Debug_Static|x64.Build.0 = Debug|Win32
		{D8C44697-88C2-48E3-959D-A838841755B6}.Debug_Static|x86.ActiveCfg = Debug|Win32
		{D8C44697-88C2-48E3-959D-A838841755B6}.Debug_Static|x86.Build.0 = Debug|Win32
		{D8C44697-88C2-48E3-959D-A838841755B6}.Debug|x64.ActiveCfg = Debug|Win32
		{D8C44697-88C2-48E3-959D-A838841755B6}.Debug|x86.ActiveCfg = Debug|Win32
		{D8C44697-88C2-48E3-959D-A838841755B6}.Debug|x86.Build.0 = Debug|Win32
		{D8C44697-88C2-48E3-959D-A838841755B6}.Release_Static|x64.ActiveCfg = Debug|Win32
		{D8C44697-88C2-48E3-959D-A838841755B6}.Release_Static|x64.Build.0 = Debug|Win32
		{D8C44697-88C2-48E3-959D-A838841755B6}.Release_Static|x86.ActiveCfg = Release_SVAC|Win32
		{D8C44697-88C2-48E3-959D-A838841755B6}.Release_Static|x86.Build.0 = Release_SVAC|Win32
		{D8C44697-88C2-48E3-959D-A838841755B6}.Release_SVAC|x64.ActiveCfg = Release_SVAC|Win32
		{D8C44697-88C2-48E3-959D-A838841755B6}.Release_SVAC|x86.ActiveCfg = Release_SVAC|Win32
		{D8C44697-88C2-48E3-959D-A838841755B6}.Release_SVAC|x86.Build.0 = Release_SVAC|Win32
		{D8C44697-88C2-48E3-959D-A838841755B6}.Release|x64.ActiveCfg = Release|Win32
		{D8C44697-88C2-48E3-959D-A838841755B6}.Release|x86.ActiveCfg = Release|Win32
		{D8C44697-88C2-48E3-959D-A838841755B6}.Release|x86.Build.0 = Release|Win32
		{A27D7ADE-69DC-4748-BB65-23F693F30688}.Debug_Static|x64.ActiveCfg = Debug|x64
		{A27D7ADE-69DC-4748-BB65-23F693F30688}.Debug_Static|x64.Build.0 = Debug|x64
		{A27D7ADE-69DC-4748-BB65-23F693F30688}.Debug_Static|x86.ActiveCfg = Debug|Win32
		{A27D7ADE-69DC-4748-BB65-23F693F30688}.Debug_Static|x86.Build.0 = Debug|Win32
		{A27D7ADE-69DC-4748-BB65-23F693F30688}.Debug|x64.ActiveCfg = Debug|x64
		{A27D7ADE-69DC-4748-BB65-23F693F30688}.Debug|x64.Build.0 = Debug|x64
		{A27D7ADE-69DC-4748-BB65-23F693F30688}.Debug|x86.ActiveCfg = Debug|Win32
		{A27D7ADE-69DC-4748-BB65-23F693F30688}.Debug|x86.Build.0 = Debug|Win32
		{A27D7ADE-69DC-4748-BB65-23F693F30688}.Release_Static|x64.ActiveCfg = Release|x64
		{A27D7ADE-69DC-4748-BB65-23F693F30688}.Release_Static|x64.Build.0 = Release|x64
		{A27D7ADE-69DC-4748-BB65-23F693F30688}.Release_Static|x86.ActiveCfg = Release|Win32
		{A27D7ADE-69DC-4748-BB65-23F693F30688}.Release_Static|x86.Build.0 = Release|Win32
		{A27D7ADE-69DC-4748-BB65-23F693F30688}.Release_SVAC|x64.ActiveCfg = Release|x64
		{A27D7ADE-69DC-4748-BB65-23F693F30688}.Release_SVAC|x64.Build.0 = Release|x64
		{A27D7ADE-69DC-4748-BB65-23F693F30688}.Release_SVAC|x86.ActiveCfg = Release|Win32
		{A27D7ADE-69DC-4748-BB65-23F693F30688}.Release_SVAC|x86.Build.0 = Release|Win32
		{A27D7ADE-69DC-4748-BB65-23F693F30688}.Release|x64.ActiveCfg = Release|x64
		{A27D7ADE-69DC-4748-BB65-23F693F30688}.Release|x64.Build.0 = Release|x64
		{A27D7ADE-69DC-4748-BB65-23F693F30688}.Release|x86.ActiveCfg = Release|Win32
		{A27D7ADE-69DC-4748-BB65-23F693F30688}.Release|x86.Build.0 = Release|Win32
		{5210B885-5C8C-4059-8C9B-28FF05016EBA}.Debug_Static|x64.ActiveCfg = Debug|Win32
		{5210B885-5C8C-4059-8C9B-28FF05016EBA}.Debug_Static|x64.Build.0 = Debug|Win32
		{5210B885-5C8C-4059-8C9B-28FF05016EBA}.Debug_Static|x86.ActiveCfg = Debug|Win32
		{5210B885-5C8C-4059-8C9B-28FF05016EBA}.Debug_Static|x86.Build.0 = Debug|Win32
		{5210B885-5C8C-4059-8C9B-28FF05016EBA}.Debug|x64.ActiveCfg = Debug|Win32
		{5210B885-5C8C-4059-8C9B-28FF05016EBA}.Debug|x86.ActiveCfg = Debug|Win32
		{5210B885-5C8C-4059-8C9B-28FF05016EBA}.Debug|x86.Build.0 = Debug|Win32
		{5210B885-5C8C-4059-8C9B-28FF05016EBA}.Release_Static|x64.ActiveCfg = Debug|Win32
		{5210B885-5C8C-4059-8C9B-28FF05016EBA}.Release_Static|x64.Build.0 = Debug|Win32
		{5210B885-5C8C-4059-8C9B-28FF05016EBA}.Release_Static|x86.ActiveCfg = Release|Win32
		{5210B885-5C8C-4059-8C9B-28FF05016EBA}.Release_Static|x86.Build.0 = Release|Win32
		{5210B885-5C8C-4059-8C9B-28FF05016EBA}.Release_SVAC|x64.ActiveCfg = Debug|Win32
		{5210B885-5C8C-4059-8C9B-28FF05016EBA}.Release_SVAC|x64.Build.0 = Debug|Win32
		{5210B885-5C8C-4059-8C9B-28FF05016EBA}.Release_SVAC|x86.ActiveCfg = Release|Win32
		{5210B885-5C8C-4059-8C9B-28FF05016EBA}.Release_SVAC|x86.Build.0 = Release|Win32
		{5210B885-5C8C-4059-8C9B-28FF05016EBA}.Release|x64.ActiveCfg = Release|Win32
		{5210B885-5C8C-4059-8C9B-28FF05016EBA}.Release|x86.ActiveCfg = Release|Win32
		{5210B885-5C8C-4059-8C9B-28FF05016EBA}.Release|x86.Build.0 = Release|Win32
		{7ECF0EFD-2818-4CBA-93F7-0757EEC29FC3}.Debug_Static|x64.ActiveCfg = Debug_Static|Win32
		{7ECF0EFD-2818-4CBA-93F7-0757EEC29FC3}.Debug_Static|x86.ActiveCfg = Debug_Static|Win32
		{7ECF0EFD-2818-4CBA-93F7-0757EEC29FC3}.Debug_Static|x86.Build.0 = Debug_Static|Win32
		{7ECF0EFD-2818-4CBA-93F7-0757EEC29FC3}.Debug|x64.ActiveCfg = Debug|Win32
		{7ECF0EFD-2818-4CBA-93F7-0757EEC29FC3}.Debug|x86.ActiveCfg = Debug|Win32
		{7ECF0EFD-2818-4CBA-93F7-0757EEC29FC3}.Debug|x86.Build.0 = Debug|Win32
		{7ECF0EFD-2818-4CBA-93F7-0757EEC29FC3}.Release_Static|x64.ActiveCfg = Release_Static|Win32
		{7ECF0EFD-2818-4CBA-93F7-0757EEC29FC3}.Release_Static|x86.ActiveCfg = Release_Static|Win32
		{7ECF0EFD-2818-4CBA-93F7-0757EEC29FC3}.Release_Static|x86.Build.0 = Release_Static|Win32
		{7ECF0EFD-2818-4CBA-93F7-0757EEC29FC3}.Release_SVAC|x64.ActiveCfg = Debug|Win32
		{7ECF0EFD-2818-4CBA-93F7-0757EEC29FC3}.Release_SVAC|x64.Build.0 = Debug|Win32
		{7ECF0EFD-2818-4CBA-93F7-0757EEC29FC3}.Release_SVAC|x86.ActiveCfg = Release_Static|Win32
		{7ECF0EFD-2818-4CBA-93F7-0757EEC29FC3}.Release_SVAC|x86.Build.0 = Release_Static|Win32
		{7ECF0EFD-2818-4CBA-93F7-0757EEC29FC3}.Release|x64.ActiveCfg = Release|Win32
		{7ECF0EFD-2818-4CBA-93F7-0757EEC29FC3}.Release|x86.ActiveCfg = Release|Win32
		{7ECF0EFD-2818-4CBA-93F7-0757EEC29FC3}.Release|x86.Build.0 = Release|Win32
	EndGlobalSection
	GlobalSection(SolutionProperties) = preSolution
		HideSolutionNode = FALSE
	EndGlobalSection
	GlobalSection(ExtensibilityGlobals) = postSolution
		SolutionGuid = {9DAC39D6-1A32-41A6-B112-2F0933D6B455}
	EndGlobalSection
EndGlobal
