<?xml version="1.0" encoding="utf-8"?>
<Project ToolsVersion="4.0" xmlns="http://schemas.microsoft.com/developer/msbuild/2003">
  <ItemGroup>
    <Filter Include="Source Files">
      <UniqueIdentifier>{4FC737F1-C7A5-4376-A066-2A32D752A2FF}</UniqueIdentifier>
      <Extensions>cpp;c;cc;cxx;def;odl;idl;hpj;bat;asm;asmx</Extensions>
    </Filter>
    <Filter Include="Header Files">
      <UniqueIdentifier>{93995380-89BD-4b04-88EB-625FBE52EBFB}</UniqueIdentifier>
      <Extensions>h;hh;hpp;hxx;hm;inl;inc;xsd</Extensions>
    </Filter>
    <Filter Include="Resource Files">
      <UniqueIdentifier>{67DA6AB6-F800-4c08-8B7A-83BB121AAD01}</UniqueIdentifier>
      <Extensions>rc;ico;cur;bmp;dlg;rc2;rct;bin;rgs;gif;jpg;jpeg;jpe;resx;tiff;tif;png;wav;mfcribbon-ms</Extensions>
    </Filter>
    <Filter Include="gsoap">
      <UniqueIdentifier>{1f29c361-dab2-41c5-b2cc-51e8e9a147c6}</UniqueIdentifier>
    </Filter>
    <Filter Include="onvifgen">
      <UniqueIdentifier>{f868e9d7-17e5-42da-921d-7e4fb4b019a6}</UniqueIdentifier>
    </Filter>
    <Filter Include="Export">
      <UniqueIdentifier>{bbb085da-7dcb-479c-9bb4-91f2d894b90b}</UniqueIdentifier>
    </Filter>
  </ItemGroup>
  <ItemGroup>
    <Text Include="ReadMe.txt" />
  </ItemGroup>
  <ItemGroup>
    <ClInclude Include="gsoap\runtime\duration.h">
      <Filter>gsoap</Filter>
    </ClInclude>
    <ClInclude Include="gsoap\runtime\httpda.h">
      <Filter>gsoap</Filter>
    </ClInclude>
    <ClInclude Include="gsoap\runtime\md5evp.h">
      <Filter>gsoap</Filter>
    </ClInclude>
    <ClInclude Include="gsoap\runtime\mecevp.h">
      <Filter>gsoap</Filter>
    </ClInclude>
    <ClInclude Include="gsoap\runtime\smdevp.h">
      <Filter>gsoap</Filter>
    </ClInclude>
    <ClInclude Include="gsoap\runtime\stdsoap2.h">
      <Filter>gsoap</Filter>
    </ClInclude>
    <ClInclude Include="gsoap\runtime\threads.h">
      <Filter>gsoap</Filter>
    </ClInclude>
    <ClInclude Include="gsoap\runtime\wsaapi.h">
      <Filter>gsoap</Filter>
    </ClInclude>
    <ClInclude Include="gsoap\runtime\wsseapi.h">
      <Filter>gsoap</Filter>
    </ClInclude>
    <ClInclude Include="ONVIFSDK\resource.h">
      <Filter>Header Files</Filter>
    </ClInclude>
    <ClInclude Include="ONVIFSDK\SocketUtils.h">
      <Filter>Header Files</Filter>
    </ClInclude>
    <ClInclude Include="ONVIFSDK\stdafx.h">
      <Filter>Header Files</Filter>
    </ClInclude>
    <ClInclude Include="ONVIFSDK\targetver.h">
      <Filter>Header Files</Filter>
    </ClInclude>
    <ClInclude Include="onvifgen\soapDeviceBindingProxy.h">
      <Filter>onvifgen</Filter>
    </ClInclude>
    <ClInclude Include="onvifgen\soapDeviceIOBindingProxy.h">
      <Filter>onvifgen</Filter>
    </ClInclude>
    <ClInclude Include="onvifgen\soapDisplayBindingProxy.h">
      <Filter>onvifgen</Filter>
    </ClInclude>
    <ClInclude Include="onvifgen\soapH.h">
      <Filter>onvifgen</Filter>
    </ClInclude>
    <ClInclude Include="onvifgen\soapImagingBindingProxy.h">
      <Filter>onvifgen</Filter>
    </ClInclude>
    <ClInclude Include="onvifgen\soapMediaBindingProxy.h">
      <Filter>onvifgen</Filter>
    </ClInclude>
    <ClInclude Include="onvifgen\soapPTZBindingProxy.h">
      <Filter>onvifgen</Filter>
    </ClInclude>
    <ClInclude Include="onvifgen\soapPullPointSubscriptionBindingProxy.h">
      <Filter>onvifgen</Filter>
    </ClInclude>
    <ClInclude Include="onvifgen\soapReceiverBindingProxy.h">
      <Filter>onvifgen</Filter>
    </ClInclude>
    <ClInclude Include="onvifgen\soapRecordingBindingProxy.h">
      <Filter>onvifgen</Filter>
    </ClInclude>
    <ClInclude Include="onvifgen\soapRemoteDiscoveryBindingProxy.h">
      <Filter>onvifgen</Filter>
    </ClInclude>
    <ClInclude Include="onvifgen\soapReplayBindingProxy.h">
      <Filter>onvifgen</Filter>
    </ClInclude>
    <ClInclude Include="onvifgen\soapSearchBindingProxy.h">
      <Filter>onvifgen</Filter>
    </ClInclude>
    <ClInclude Include="onvifgen\soapStub.h">
      <Filter>onvifgen</Filter>
    </ClInclude>
    <ClInclude Include="onvifgen\soapwsddProxy.h">
      <Filter>onvifgen</Filter>
    </ClInclude>
    <ClInclude Include="include\onvifclientdevice.h">
      <Filter>Export</Filter>
    </ClInclude>
    <ClInclude Include="include\onvifclientmedia.h">
      <Filter>Export</Filter>
    </ClInclude>
    <ClInclude Include="ONVIFSDK\ONVIFSDK.h">
      <Filter>Export</Filter>
    </ClInclude>
    <ClInclude Include="ONVIFSDK\OnvifClientImage.h">
      <Filter>Export</Filter>
    </ClInclude>
  </ItemGroup>
  <ItemGroup>
    <ClCompile Include="gsoap\runtime\dom.cpp">
      <Filter>gsoap</Filter>
    </ClCompile>
    <ClCompile Include="gsoap\runtime\duration.c">
      <Filter>gsoap</Filter>
    </ClCompile>
    <ClCompile Include="gsoap\runtime\httpda.c">
      <Filter>gsoap</Filter>
    </ClCompile>
    <ClCompile Include="gsoap\runtime\md5evp.c">
      <Filter>gsoap</Filter>
    </ClCompile>
    <ClCompile Include="gsoap\runtime\mecevp.c">
      <Filter>gsoap</Filter>
    </ClCompile>
    <ClCompile Include="gsoap\runtime\smdevp.c">
      <Filter>gsoap</Filter>
    </ClCompile>
    <ClCompile Include="gsoap\runtime\stdsoap2.cpp">
      <Filter>gsoap</Filter>
    </ClCompile>
    <ClCompile Include="gsoap\runtime\threads.c">
      <Filter>gsoap</Filter>
    </ClCompile>
    <ClCompile Include="gsoap\runtime\wsaapi.c">
      <Filter>gsoap</Filter>
    </ClCompile>
    <ClCompile Include="gsoap\runtime\wsseapi.cpp">
      <Filter>gsoap</Filter>
    </ClCompile>
    <ClCompile Include="onvifgen\soapC.cpp">
      <Filter>onvifgen</Filter>
    </ClCompile>
    <ClCompile Include="onvifgen\soapDeviceBindingProxy.cpp">
      <Filter>onvifgen</Filter>
    </ClCompile>
    <ClCompile Include="onvifgen\soapDeviceIOBindingProxy.cpp">
      <Filter>onvifgen</Filter>
    </ClCompile>
    <ClCompile Include="onvifgen\soapDisplayBindingProxy.cpp">
      <Filter>onvifgen</Filter>
    </ClCompile>
    <ClCompile Include="onvifgen\soapImagingBindingProxy.cpp">
      <Filter>onvifgen</Filter>
    </ClCompile>
    <ClCompile Include="onvifgen\soapMediaBindingProxy.cpp">
      <Filter>onvifgen</Filter>
    </ClCompile>
    <ClCompile Include="onvifgen\soapPTZBindingProxy.cpp">
      <Filter>onvifgen</Filter>
    </ClCompile>
    <ClCompile Include="onvifgen\soapPullPointSubscriptionBindingProxy.cpp">
      <Filter>onvifgen</Filter>
    </ClCompile>
    <ClCompile Include="onvifgen\soapReceiverBindingProxy.cpp">
      <Filter>onvifgen</Filter>
    </ClCompile>
    <ClCompile Include="onvifgen\soapRecordingBindingProxy.cpp">
      <Filter>onvifgen</Filter>
    </ClCompile>
    <ClCompile Include="onvifgen\soapRemoteDiscoveryBindingProxy.cpp">
      <Filter>onvifgen</Filter>
    </ClCompile>
    <ClCompile Include="onvifgen\soapReplayBindingProxy.cpp">
      <Filter>onvifgen</Filter>
    </ClCompile>
    <ClCompile Include="onvifgen\soapSearchBindingProxy.cpp">
      <Filter>onvifgen</Filter>
    </ClCompile>
    <ClCompile Include="onvifgen\soapwsddProxy.cpp">
      <Filter>onvifgen</Filter>
    </ClCompile>
    <ClCompile Include="ONVIFSDK\stdafx.cpp">
      <Filter>Source Files</Filter>
    </ClCompile>
    <ClCompile Include="ONVIFSDK\dllmain.cpp">
      <Filter>Source Files</Filter>
    </ClCompile>
    <ClCompile Include="ONVIFSDK\ONVIFClientDevice.cpp">
      <Filter>Source Files</Filter>
    </ClCompile>
    <ClCompile Include="ONVIFSDK\ONVIFClientMedia.cpp">
      <Filter>Source Files</Filter>
    </ClCompile>
    <ClCompile Include="ONVIFSDK\ONVIFClientPTZ.cpp">
      <Filter>Source Files</Filter>
    </ClCompile>
    <ClCompile Include="ONVIFSDK\OnvifClientImage.cpp">
      <Filter>Source Files</Filter>
    </ClCompile>
    <ClCompile Include="ONVIFSDK\ONVIFSDK.cpp">
      <Filter>Source Files</Filter>
    </ClCompile>
    <ClCompile Include="onvifgen\nsmap.cpp">
      <Filter>onvifgen</Filter>
    </ClCompile>
  </ItemGroup>
  <ItemGroup>
    <None Include="onvifgen\wsdd.nsmap">
      <Filter>onvifgen</Filter>
    </None>
  </ItemGroup>
  <ItemGroup>
    <ResourceCompile Include="ONVIFSDK\ONVIFSDK.rc">
      <Filter>Resource Files</Filter>
    </ResourceCompile>
  </ItemGroup>
</Project>