<?xml version="1.0" encoding="utf-8"?>
<Project ToolsVersion="4.0" xmlns="http://schemas.microsoft.com/developer/msbuild/2003">
  <ItemGroup>
    <Filter Include="Source Files">
      <UniqueIdentifier>{4FC737F1-C7A5-4376-A066-2A32D752A2FF}</UniqueIdentifier>
      <Extensions>cpp;c;cc;cxx;c++;cppm;ixx;def;odl;idl;hpj;bat;asm;asmx</Extensions>
    </Filter>
    <Filter Include="Header Files">
      <UniqueIdentifier>{93995380-89BD-4b04-88EB-625FBE52EBFB}</UniqueIdentifier>
      <Extensions>h;hh;hpp;hxx;h++;hm;inl;inc;ipp;xsd</Extensions>
    </Filter>
    <Filter Include="Resource Files">
      <UniqueIdentifier>{67DA6AB6-F800-4c08-8B7A-83BB121AAD01}</UniqueIdentifier>
      <Extensions>rc;ico;cur;bmp;dlg;rc2;rct;bin;rgs;gif;jpg;jpeg;jpe;resx;tiff;tif;png;wav;mfcribbon-ms</Extensions>
    </Filter>
    <Filter Include="Export">
      <UniqueIdentifier>{486f5fbc-c66a-476d-ab97-fc8425457f45}</UniqueIdentifier>
    </Filter>
    <Filter Include="gsoap">
      <UniqueIdentifier>{b76ae277-ea0c-48b2-b53b-b6aa1f625445}</UniqueIdentifier>
    </Filter>
    <Filter Include="onvifgen">
      <UniqueIdentifier>{9ee1fdb9-cbe3-4aec-bdfe-08628bc976a9}</UniqueIdentifier>
    </Filter>
  </ItemGroup>
  <ItemGroup>
    <ClInclude Include="framework.h">
      <Filter>Header Files</Filter>
    </ClInclude>
    <ClInclude Include="ONVIFSDK\HttpDaDefine.h">
      <Filter>Header Files</Filter>
    </ClInclude>
    <ClInclude Include="ONVIFSDK\ONVIFLib.h">
      <Filter>Header Files</Filter>
    </ClInclude>
    <ClInclude Include="gsoap\runtime\duration.h">
      <Filter>gsoap</Filter>
    </ClInclude>
    <ClInclude Include="gsoap\runtime\httpda.h">
      <Filter>gsoap</Filter>
    </ClInclude>
    <ClInclude Include="gsoap\runtime\md5evp.h">
      <Filter>gsoap</Filter>
    </ClInclude>
    <ClInclude Include="gsoap\runtime\mecevp.h">
      <Filter>gsoap</Filter>
    </ClInclude>
    <ClInclude Include="gsoap\runtime\smdevp.h">
      <Filter>gsoap</Filter>
    </ClInclude>
    <ClInclude Include="gsoap\runtime\stdsoap2.h">
      <Filter>gsoap</Filter>
    </ClInclude>
    <ClInclude Include="gsoap\runtime\threads.h">
      <Filter>gsoap</Filter>
    </ClInclude>
    <ClInclude Include="gsoap\runtime\wsaapi.h">
      <Filter>gsoap</Filter>
    </ClInclude>
    <ClInclude Include="gsoap\runtime\wsseapi.h">
      <Filter>gsoap</Filter>
    </ClInclude>
    <ClInclude Include="onvifgen\soapDeviceBindingProxy.h">
      <Filter>onvifgen</Filter>
    </ClInclude>
    <ClInclude Include="onvifgen\soapDeviceBindingService.h">
      <Filter>onvifgen</Filter>
    </ClInclude>
    <ClInclude Include="onvifgen\soapDeviceIOBindingProxy.h">
      <Filter>onvifgen</Filter>
    </ClInclude>
    <ClInclude Include="onvifgen\soapDeviceIOBindingService.h">
      <Filter>onvifgen</Filter>
    </ClInclude>
    <ClInclude Include="onvifgen\soapDisplayBindingProxy.h">
      <Filter>onvifgen</Filter>
    </ClInclude>
    <ClInclude Include="onvifgen\soapDisplayBindingService.h">
      <Filter>onvifgen</Filter>
    </ClInclude>
    <ClInclude Include="onvifgen\soapH.h">
      <Filter>onvifgen</Filter>
    </ClInclude>
    <ClInclude Include="onvifgen\soapImagingBindingProxy.h">
      <Filter>onvifgen</Filter>
    </ClInclude>
    <ClInclude Include="onvifgen\soapImagingBindingService.h">
      <Filter>onvifgen</Filter>
    </ClInclude>
    <ClInclude Include="onvifgen\soapMediaBindingProxy.h">
      <Filter>onvifgen</Filter>
    </ClInclude>
    <ClInclude Include="onvifgen\soapMediaBindingService.h">
      <Filter>onvifgen</Filter>
    </ClInclude>
    <ClInclude Include="onvifgen\soapPTZBindingProxy.h">
      <Filter>onvifgen</Filter>
    </ClInclude>
    <ClInclude Include="onvifgen\soapPTZBindingService.h">
      <Filter>onvifgen</Filter>
    </ClInclude>
    <ClInclude Include="onvifgen\soapPullPointSubscriptionBindingProxy.h">
      <Filter>onvifgen</Filter>
    </ClInclude>
    <ClInclude Include="onvifgen\soapPullPointSubscriptionBindingService.h">
      <Filter>onvifgen</Filter>
    </ClInclude>
    <ClInclude Include="onvifgen\soapReceiverBindingProxy.h">
      <Filter>onvifgen</Filter>
    </ClInclude>
    <ClInclude Include="onvifgen\soapReceiverBindingService.h">
      <Filter>onvifgen</Filter>
    </ClInclude>
    <ClInclude Include="onvifgen\soapRecordingBindingProxy.h">
      <Filter>onvifgen</Filter>
    </ClInclude>
    <ClInclude Include="onvifgen\soapRecordingBindingService.h">
      <Filter>onvifgen</Filter>
    </ClInclude>
    <ClInclude Include="onvifgen\soapRemoteDiscoveryBindingProxy.h">
      <Filter>onvifgen</Filter>
    </ClInclude>
    <ClInclude Include="onvifgen\soapRemoteDiscoveryBindingService.h">
      <Filter>onvifgen</Filter>
    </ClInclude>
    <ClInclude Include="onvifgen\soapReplayBindingProxy.h">
      <Filter>onvifgen</Filter>
    </ClInclude>
    <ClInclude Include="onvifgen\soapReplayBindingService.h">
      <Filter>onvifgen</Filter>
    </ClInclude>
    <ClInclude Include="onvifgen\soapSearchBindingProxy.h">
      <Filter>onvifgen</Filter>
    </ClInclude>
    <ClInclude Include="onvifgen\soapSearchBindingService.h">
      <Filter>onvifgen</Filter>
    </ClInclude>
    <ClInclude Include="onvifgen\soapStub.h">
      <Filter>onvifgen</Filter>
    </ClInclude>
    <ClInclude Include="onvifgen\soapwsddProxy.h">
      <Filter>onvifgen</Filter>
    </ClInclude>
    <ClInclude Include="onvifgen\soapwsddService.h">
      <Filter>onvifgen</Filter>
    </ClInclude>
    <ClInclude Include="ONVIFSDK\resource.h">
      <Filter>Header Files</Filter>
    </ClInclude>
    <ClInclude Include="ONVIFSDK\SocketUtils.h">
      <Filter>Header Files</Filter>
    </ClInclude>
    <ClInclude Include="ONVIFSDK\stdafx.h">
      <Filter>Header Files</Filter>
    </ClInclude>
    <ClInclude Include="ONVIFSDK\targetver.h">
      <Filter>Header Files</Filter>
    </ClInclude>
    <ClInclude Include="include\onvifclientdevice.h">
      <Filter>Export</Filter>
    </ClInclude>
    <ClInclude Include="include\onvifclientmedia.h">
      <Filter>Export</Filter>
    </ClInclude>
    <ClInclude Include="include\onvifclientptz.h">
      <Filter>Export</Filter>
    </ClInclude>
    <ClInclude Include="include\OnvifClientImage.h">
      <Filter>Export</Filter>
    </ClInclude>
  </ItemGroup>
  <ItemGroup>
    <ClCompile Include="ONVIFSDK\ONVIFClient.cpp">
      <Filter>Source Files</Filter>
    </ClCompile>
    <ClCompile Include="ONVIFSDK\ONVIFClientDevice.cpp">
      <Filter>Source Files</Filter>
    </ClCompile>
    <ClCompile Include="ONVIFSDK\ONVIFClientMedia.cpp">
      <Filter>Source Files</Filter>
    </ClCompile>
    <ClCompile Include="ONVIFSDK\ONVIFClientPTZ.cpp">
      <Filter>Source Files</Filter>
    </ClCompile>
    <ClCompile Include="gsoap\runtime\dom.cpp">
      <Filter>gsoap</Filter>
    </ClCompile>
    <ClCompile Include="gsoap\runtime\duration.c">
      <Filter>gsoap</Filter>
    </ClCompile>
    <ClCompile Include="gsoap\runtime\httpda.c">
      <Filter>gsoap</Filter>
    </ClCompile>
    <ClCompile Include="gsoap\runtime\md5evp.c">
      <Filter>gsoap</Filter>
    </ClCompile>
    <ClCompile Include="gsoap\runtime\mecevp.c">
      <Filter>gsoap</Filter>
    </ClCompile>
    <ClCompile Include="gsoap\runtime\smdevp.c">
      <Filter>gsoap</Filter>
    </ClCompile>
    <ClCompile Include="gsoap\runtime\stdsoap2.cpp">
      <Filter>gsoap</Filter>
    </ClCompile>
    <ClCompile Include="gsoap\runtime\threads.c">
      <Filter>gsoap</Filter>
    </ClCompile>
    <ClCompile Include="gsoap\runtime\wsaapi.c">
      <Filter>gsoap</Filter>
    </ClCompile>
    <ClCompile Include="gsoap\runtime\wsseapi.cpp">
      <Filter>gsoap</Filter>
    </ClCompile>
    <ClCompile Include="onvifgen\nsmap.cpp">
      <Filter>onvifgen</Filter>
    </ClCompile>
    <ClCompile Include="onvifgen\soapC.cpp">
      <Filter>onvifgen</Filter>
    </ClCompile>
    <ClCompile Include="onvifgen\soapDeviceBindingProxy.cpp">
      <Filter>onvifgen</Filter>
    </ClCompile>
    <ClCompile Include="onvifgen\soapDeviceBindingService.cpp">
      <Filter>onvifgen</Filter>
    </ClCompile>
    <ClCompile Include="onvifgen\soapDeviceIOBindingProxy.cpp">
      <Filter>onvifgen</Filter>
    </ClCompile>
    <ClCompile Include="onvifgen\soapDeviceIOBindingService.cpp">
      <Filter>onvifgen</Filter>
    </ClCompile>
    <ClCompile Include="onvifgen\soapDisplayBindingProxy.cpp">
      <Filter>onvifgen</Filter>
    </ClCompile>
    <ClCompile Include="onvifgen\soapDisplayBindingService.cpp">
      <Filter>onvifgen</Filter>
    </ClCompile>
    <ClCompile Include="onvifgen\soapImagingBindingProxy.cpp">
      <Filter>onvifgen</Filter>
    </ClCompile>
    <ClCompile Include="onvifgen\soapImagingBindingService.cpp">
      <Filter>onvifgen</Filter>
    </ClCompile>
    <ClCompile Include="onvifgen\soapMediaBindingProxy.cpp">
      <Filter>onvifgen</Filter>
    </ClCompile>
    <ClCompile Include="onvifgen\soapMediaBindingService.cpp">
      <Filter>onvifgen</Filter>
    </ClCompile>
    <ClCompile Include="onvifgen\soapPTZBindingProxy.cpp">
      <Filter>onvifgen</Filter>
    </ClCompile>
    <ClCompile Include="onvifgen\soapPTZBindingService.cpp">
      <Filter>onvifgen</Filter>
    </ClCompile>
    <ClCompile Include="onvifgen\soapPullPointSubscriptionBindingProxy.cpp">
      <Filter>onvifgen</Filter>
    </ClCompile>
    <ClCompile Include="onvifgen\soapPullPointSubscriptionBindingService.cpp">
      <Filter>onvifgen</Filter>
    </ClCompile>
    <ClCompile Include="onvifgen\soapReceiverBindingProxy.cpp">
      <Filter>onvifgen</Filter>
    </ClCompile>
    <ClCompile Include="onvifgen\soapReceiverBindingService.cpp">
      <Filter>onvifgen</Filter>
    </ClCompile>
    <ClCompile Include="onvifgen\soapRecordingBindingProxy.cpp">
      <Filter>onvifgen</Filter>
    </ClCompile>
    <ClCompile Include="onvifgen\soapRecordingBindingService.cpp">
      <Filter>onvifgen</Filter>
    </ClCompile>
    <ClCompile Include="onvifgen\soapRemoteDiscoveryBindingProxy.cpp">
      <Filter>onvifgen</Filter>
    </ClCompile>
    <ClCompile Include="onvifgen\soapRemoteDiscoveryBindingService.cpp">
      <Filter>onvifgen</Filter>
    </ClCompile>
    <ClCompile Include="onvifgen\soapReplayBindingProxy.cpp">
      <Filter>onvifgen</Filter>
    </ClCompile>
    <ClCompile Include="onvifgen\soapReplayBindingService.cpp">
      <Filter>onvifgen</Filter>
    </ClCompile>
    <ClCompile Include="onvifgen\soapSearchBindingProxy.cpp">
      <Filter>onvifgen</Filter>
    </ClCompile>
    <ClCompile Include="onvifgen\soapSearchBindingService.cpp">
      <Filter>onvifgen</Filter>
    </ClCompile>
    <ClCompile Include="onvifgen\soapwsddProxy.cpp">
      <Filter>onvifgen</Filter>
    </ClCompile>
    <ClCompile Include="onvifgen\soapwsddService.cpp">
      <Filter>onvifgen</Filter>
    </ClCompile>
    <ClCompile Include="ONVIFSDK\stdafx.cpp">
      <Filter>Source Files</Filter>
    </ClCompile>
    <ClCompile Include="ONVIFSDK\OnvifClientImage.cpp">
      <Filter>Source Files</Filter>
    </ClCompile>
  </ItemGroup>
  <ItemGroup>
    <None Include="onvifgen\DeviceBinding.nsmap">
      <Filter>onvifgen</Filter>
    </None>
    <None Include="onvifgen\DeviceIOBinding.nsmap">
      <Filter>onvifgen</Filter>
    </None>
    <None Include="onvifgen\DisplayBinding.nsmap">
      <Filter>onvifgen</Filter>
    </None>
    <None Include="onvifgen\ImagingBinding.nsmap">
      <Filter>onvifgen</Filter>
    </None>
    <None Include="onvifgen\MediaBinding.nsmap">
      <Filter>onvifgen</Filter>
    </None>
    <None Include="onvifgen\PTZBinding.nsmap">
      <Filter>onvifgen</Filter>
    </None>
    <None Include="onvifgen\PullPointSubscriptionBinding.nsmap">
      <Filter>onvifgen</Filter>
    </None>
    <None Include="onvifgen\ReceiverBinding.nsmap">
      <Filter>onvifgen</Filter>
    </None>
    <None Include="onvifgen\RecordingBinding.nsmap">
      <Filter>onvifgen</Filter>
    </None>
    <None Include="onvifgen\RemoteDiscoveryBinding.nsmap">
      <Filter>onvifgen</Filter>
    </None>
    <None Include="onvifgen\ReplayBinding.nsmap">
      <Filter>onvifgen</Filter>
    </None>
    <None Include="onvifgen\SearchBinding.nsmap">
      <Filter>onvifgen</Filter>
    </None>
    <None Include="onvifgen\wsdd.nsmap">
      <Filter>onvifgen</Filter>
    </None>
  </ItemGroup>
</Project>